
Microsoft Visual Studio Solution File, Format Version 12.00
Project("{FAE04EC0-301F-11D3-BF4B-00C04F79EFBC}") = "HorizonModdingSDK", "HorizonModdingSDK.csproj", "{EBDC8DB9-53E9-47FA-A81C-A35EA6A02687}"
EndProject
Global
	GlobalSection(SolutionConfigurationPlatforms) = preSolution
		Debug|Any CPU = Debug|Any CPU
		Release|Any CPU = Release|Any CPU
	EndGlobalSection
	GlobalSection(ProjectConfigurationPlatforms) = postSolution
		{EBDC8DB9-53E9-47FA-A81C-A35EA6A02687}.Debug|Any CPU.ActiveCfg = Debug|Any CPU
		{EBDC8DB9-53E9-47FA-A81C-A35EA6A02687}.Debug|Any CPU.Build.0 = Debug|Any CPU
		{EBDC8DB9-53E9-47FA-A81C-A35EA6A02687}.Release|Any CPU.ActiveCfg = Release|Any CPU
		{EBDC8DB9-53E9-47FA-A81C-A35EA6A02687}.Release|Any CPU.Build.0 = Release|Any CPU
	EndGlobalSection
EndGlobal
